
Microsoft Visual Studio Solution File, Format Version 12.00
# Visual Studio Version 17
VisualStudioVersion = 17.2.32526.322
MinimumVisualStudioVersion = 10.0.40219.1
Project("{9A19103F-16F7-4668-BE54-9A1E7A4F7556}") = "Sportradar.OddsFeed.SDK", "Sportradar.OddsFeed.SDK\Sportradar.OddsFeed.SDK.csproj", "{FD7F45D3-FABA-4AFA-9AD5-65D3EA1F666E}"
EndProject
Project("{7CF6DF6D-3B04-46F8-A40B-537D21BCA0B4}") = "Sportradar.OddsFeed.SDK.Docs", "Sportradar.OddsFeed.SDK.Docs\Sportradar.OddsFeed.SDK.Docs.shfbproj", "{E3E8B599-80D2-4ACA-9091-706A07D5EA7C}"
	ProjectSection(ProjectDependencies) = postProject
		{FD7F45D3-FABA-4AFA-9AD5-65D3EA1F666E} = {FD7F45D3-FABA-4AFA-9AD5-65D3EA1F666E}
	EndProjectSection
EndProject
Project("{9A19103F-16F7-4668-BE54-9A1E7A4F7556}") = "Sportradar.OddsFeed.SDK.Tests.Common", "Sportradar.OddsFeed.SDK.Tests.Common\Sportradar.OddsFeed.SDK.Tests.Common.csproj", "{46E8D805-2EBC-4C3D-ACAE-AA496A5611A4}"
EndProject
Project("{9A19103F-16F7-4668-BE54-9A1E7A4F7556}") = "Sportradar.OddsFeed.SDK.Tests", "Sportradar.OddsFeed.SDK.Tests\Sportradar.OddsFeed.SDK.Tests.csproj", "{D268A55E-3799-420E-8413-56921C0D78D1}"
EndProject
Project("{2150E333-8FDC-42A3-9474-1A3956D46DE8}") = "Solution Items", "Solution Items", "{E22EBEA8-EF9D-401E-A3D1-6D56D9A87801}"
	ProjectSection(SolutionItems) = preProject
		.editorconfig = .editorconfig
	EndProjectSection
EndProject
Global
	GlobalSection(SolutionConfigurationPlatforms) = preSolution
		Debug|Any CPU = Debug|Any CPU
		Release|Any CPU = Release|Any CPU
	EndGlobalSection
	GlobalSection(ProjectConfigurationPlatforms) = postSolution
		{FD7F45D3-FABA-4AFA-9AD5-65D3EA1F666E}.Debug|Any CPU.ActiveCfg = Debug|Any CPU
		{FD7F45D3-FABA-4AFA-9AD5-65D3EA1F666E}.Debug|Any CPU.Build.0 = Debug|Any CPU
		{FD7F45D3-FABA-4AFA-9AD5-65D3EA1F666E}.Release|Any CPU.ActiveCfg = Release|Any CPU
		{FD7F45D3-FABA-4AFA-9AD5-65D3EA1F666E}.Release|Any CPU.Build.0 = Release|Any CPU
		{E3E8B599-80D2-4ACA-9091-706A07D5EA7C}.Debug|Any CPU.ActiveCfg = Debug|Any CPU
		{E3E8B599-80D2-4ACA-9091-706A07D5EA7C}.Release|Any CPU.ActiveCfg = Release|Any CPU
		{46E8D805-2EBC-4C3D-ACAE-AA496A5611A4}.Debug|Any CPU.ActiveCfg = Debug|Any CPU
		{46E8D805-2EBC-4C3D-ACAE-AA496A5611A4}.Debug|Any CPU.Build.0 = Debug|Any CPU
		{46E8D805-2EBC-4C3D-ACAE-AA496A5611A4}.Release|Any CPU.ActiveCfg = Release|Any CPU
		{46E8D805-2EBC-4C3D-ACAE-AA496A5611A4}.Release|Any CPU.Build.0 = Release|Any CPU
		{D268A55E-3799-420E-8413-56921C0D78D1}.Debug|Any CPU.ActiveCfg = Debug|Any CPU
		{D268A55E-3799-420E-8413-56921C0D78D1}.Debug|Any CPU.Build.0 = Debug|Any CPU
		{D268A55E-3799-420E-8413-56921C0D78D1}.Release|Any CPU.ActiveCfg = Release|Any CPU
		{D268A55E-3799-420E-8413-56921C0D78D1}.Release|Any CPU.Build.0 = Release|Any CPU
	EndGlobalSection
	GlobalSection(SolutionProperties) = preSolution
		HideSolutionNode = FALSE
	EndGlobalSection
	GlobalSection(ExtensibilityGlobals) = postSolution
		SolutionGuid = {0F3F89D5-51AC-4260-A838-8667693E7E25}
	EndGlobalSection
EndGlobal
